{
  "requires": true,
  "lockfileVersion": 1,
  "dependencies": {
    "@types/react-webcam": {
      "version": "3.0.0",
      "resolved": "https://registry.npmjs.org/@types/react-webcam/-/react-webcam-3.0.0.tgz",
      "integrity": "sha512-iX4G+V0HEvZhfMuk5qUp4ZJUpV6M9ZW4mxjmDxmXrIN1fDSUajX4wtGYX+9yh6KShFlEXOjGyOc24j7wJagG6w==",
      "requires": {
        "react-webcam": "*"
      }
    },
    "react-webcam": {
      "version": "3.1.1",
      "resolved": "https://registry.npmjs.org/react-webcam/-/react-webcam-3.1.1.tgz",
      "integrity": "sha512-ByfSevEyq05yExOUUEe0m7QW7l8CNFxuRzqPKwMVsvXjP+FtaCNZuNviQD9Q5qHJ0wpbM+VXO8/OUjBp0UIE2w=="
    }
  }
}
